{
  "name": "danaross.dev",
  "version": "1.0.0",
  "lockfileVersion": 3,
  "requires": true,
  "packages": {
    "": {
      "name": "danaross.dev",
      "version": "1.0.0",
      "license": "ISC",
      "dependencies": {
        "chalk": "^4.1.0",
        "date-fns": "^2.16.1",
        "html-entities": "^2.0.2",
        "marked": "^12.0.0",
        "parse-attributes": "0.0.1",
        "svgo": "^2.0.0",
        "twemoji": "^13.0.1",
        "uglify-js": "^3.12.3",
        "uglifycss": "0.0.29",
        "word-wrap": "^1.2.3"
      }
    },
    "node_modules/@babel/runtime": {
      "version": "7.23.9",
      "resolved": "https://registry.npmjs.org/@babel/runtime/-/runtime-7.23.9.tgz",
      "integrity": "sha512-0CX6F+BI2s9dkUqr08KFrAIZgNFj75rdBU/DjCyYLIaV/quFjkk6T+EJ2LkZHyZTbEV4L5p97mNkUsHl2wLFAw==",
      "dependencies": {
        "regenerator-runtime": "^0.14.0"
      },
      "engines": {
        "node": ">=6.9.0"
      }
    },
    "node_modules/@trysound/sax": {
      "version": "0.2.0",
      "resolved": "https://registry.npmjs.org/@trysound/sax/-/sax-0.2.0.tgz",
      "integrity": "sha512-L7z9BgrNEcYyUYtF+HaEfiS5ebkh9jXqbszz7pC0hRBPaatV0XjSD3+eHrpqFemQfgwiFF0QPIarnIihIDn7OA==",
      "engines": {
        "node": ">=10.13.0"
      }
    },
    "node_modules/ansi-styles": {
      "version": "4.3.0",
      "resolved": "https://registry.npmjs.org/ansi-styles/-/ansi-styles-4.3.0.tgz",
      "integrity": "sha512-zbB9rCJAT1rbjiVDb2hqKFHNYLxgtk8NURxZ3IZwD3F6NtxbXZQCnnSi1Lkx+IDohdPlFp222wVALIheZJQSEg==",
      "dependencies": {
        "color-convert": "^2.0.1"
      },
      "engines": {
        "node": ">=8"
      },
      "funding": {
        "url": "https://github.com/chalk/ansi-styles?sponsor=1"
      }
    },
    "node_modules/boolbase": {
      "version": "1.0.0",
      "resolved": "https://registry.npmjs.org/boolbase/-/boolbase-1.0.0.tgz",
      "integrity": "sha512-JZOSA7Mo9sNGB8+UjSgzdLtokWAky1zbztM3WRLCbZ70/3cTANmQmOdR7y2g+J0e2WXywy1yS468tY+IruqEww=="
    },
    "node_modules/chalk": {
      "version": "4.1.2",
      "resolved": "https://registry.npmjs.org/chalk/-/chalk-4.1.2.tgz",
      "integrity": "sha512-oKnbhFyRIXpUuez8iBMmyEa4nbj4IOQyuhc/wy9kY7/WVPcwIO9VA668Pu8RkO7+0G76SLROeyw9CpQ061i4mA==",
      "dependencies": {
        "ansi-styles": "^4.1.0",
        "supports-color": "^7.1.0"
      },
      "engines": {
        "node": ">=10"
      },
      "funding": {
        "url": "https://github.com/chalk/chalk?sponsor=1"
      }
    },
    "node_modules/color-convert": {
      "version": "2.0.1",
      "resolved": "https://registry.npmjs.org/color-convert/-/color-convert-2.0.1.tgz",
      "integrity": "sha512-RRECPsj7iu/xb5oKYcsFHSppFNnsj/52OVTRKb4zP5onXwVF3zVmmToNcOfGC+CRDpfK/U584fMg38ZHCaElKQ==",
      "dependencies": {
        "color-name": "~1.1.4"
      },
      "engines": {
        "node": ">=7.0.0"
      }
    },
    "node_modules/color-name": {
      "version": "1.1.4",
      "resolved": "https://registry.npmjs.org/color-name/-/color-name-1.1.4.tgz",
      "integrity": "sha512-dOy+3AuW3a2wNbZHIuMZpTcgjGuLU/uBL/ubcZF9OXbDo8ff4O8yVp5Bf0efS8uEoYo5q4Fx7dY9OgQGXgAsQA=="
    },
    "node_modules/commander": {
      "version": "7.2.0",
      "resolved": "https://registry.npmjs.org/commander/-/commander-7.2.0.tgz",
      "integrity": "sha512-QrWXB+ZQSVPmIWIhtEO9H+gwHaMGYiF5ChvoJ+K9ZGHG/sVsa6yiesAD1GC/x46sET00Xlwo1u49RVVVzvcSkw==",
      "engines": {
        "node": ">= 10"
      }
    },
    "node_modules/css-select": {
      "version": "4.3.0",
      "resolved": "https://registry.npmjs.org/css-select/-/css-select-4.3.0.tgz",
      "integrity": "sha512-wPpOYtnsVontu2mODhA19JrqWxNsfdatRKd64kmpRbQgh1KtItko5sTnEpPdpSaJszTOhEMlF/RPz28qj4HqhQ==",
      "dependencies": {
        "boolbase": "^1.0.0",
        "css-what": "^6.0.1",
        "domhandler": "^4.3.1",
        "domutils": "^2.8.0",
        "nth-check": "^2.0.1"
      },
      "funding": {
        "url": "https://github.com/sponsors/fb55"
      }
    },
    "node_modules/css-tree": {
      "version": "1.1.3",
      "resolved": "https://registry.npmjs.org/css-tree/-/css-tree-1.1.3.tgz",
      "integrity": "sha512-tRpdppF7TRazZrjJ6v3stzv93qxRcSsFmW6cX0Zm2NVKpxE1WV1HblnghVv9TreireHkqI/VDEsfolRF1p6y7Q==",
      "dependencies": {
        "mdn-data": "2.0.14",
        "source-map": "^0.6.1"
      },
      "engines": {
        "node": ">=8.0.0"
      }
    },
    "node_modules/css-what": {
      "version": "6.1.0",
      "resolved": "https://registry.npmjs.org/css-what/-/css-what-6.1.0.tgz",
      "integrity": "sha512-HTUrgRJ7r4dsZKU6GjmpfRK1O76h97Z8MfS1G0FozR+oF2kG6Vfe8JE6zwrkbxigziPHinCJ+gCPjA9EaBDtRw==",
      "engines": {
        "node": ">= 6"
      },
      "funding": {
        "url": "https://github.com/sponsors/fb55"
      }
    },
    "node_modules/csso": {
      "version": "4.2.0",
      "resolved": "https://registry.npmjs.org/csso/-/csso-4.2.0.tgz",
      "integrity": "sha512-wvlcdIbf6pwKEk7vHj8/Bkc0B4ylXZruLvOgs9doS5eOsOpuodOV2zJChSpkp+pRpYQLQMeF04nr3Z68Sta9jA==",
      "dependencies": {
        "css-tree": "^1.1.2"
      },
      "engines": {
        "node": ">=8.0.0"
      }
    },
    "node_modules/date-fns": {
      "version": "2.30.0",
      "resolved": "https://registry.npmjs.org/date-fns/-/date-fns-2.30.0.tgz",
      "integrity": "sha512-fnULvOpxnC5/Vg3NCiWelDsLiUc9bRwAPs/+LfTLNvetFCtCTN+yQz15C/fs4AwX1R9K5GLtLfn8QW+dWisaAw==",
      "dependencies": {
        "@babel/runtime": "^7.21.0"
      },
      "engines": {
        "node": ">=0.11"
      },
      "funding": {
        "type": "opencollective",
        "url": "https://opencollective.com/date-fns"
      }
    },
    "node_modules/dom-serializer": {
      "version": "1.4.1",
      "resolved": "https://registry.npmjs.org/dom-serializer/-/dom-serializer-1.4.1.tgz",
      "integrity": "sha512-VHwB3KfrcOOkelEG2ZOfxqLZdfkil8PtJi4P8N2MMXucZq2yLp75ClViUlOVwyoHEDjYU433Aq+5zWP61+RGag==",
      "dependencies": {
        "domelementtype": "^2.0.1",
        "domhandler": "^4.2.0",
        "entities": "^2.0.0"
      },
      "funding": {
        "url": "https://github.com/cheeriojs/dom-serializer?sponsor=1"
      }
    },
    "node_modules/domelementtype": {
      "version": "2.3.0",
      "resolved": "https://registry.npmjs.org/domelementtype/-/domelementtype-2.3.0.tgz",
      "integrity": "sha512-OLETBj6w0OsagBwdXnPdN0cnMfF9opN69co+7ZrbfPGrdpPVNBUj02spi6B1N7wChLQiPn4CSH/zJvXw56gmHw==",
      "funding": [
        {
          "type": "github",
          "url": "https://github.com/sponsors/fb55"
        }
      ]
    },
    "node_modules/domhandler": {
      "version": "4.3.1",
      "resolved": "https://registry.npmjs.org/domhandler/-/domhandler-4.3.1.tgz",
      "integrity": "sha512-GrwoxYN+uWlzO8uhUXRl0P+kHE4GtVPfYzVLcUxPL7KNdHKj66vvlhiweIHqYYXWlw+T8iLMp42Lm67ghw4WMQ==",
      "dependencies": {
        "domelementtype": "^2.2.0"
      },
      "engines": {
        "node": ">= 4"
      },
      "funding": {
        "url": "https://github.com/fb55/domhandler?sponsor=1"
      }
    },
    "node_modules/domutils": {
      "version": "2.8.0",
      "resolved": "https://registry.npmjs.org/domutils/-/domutils-2.8.0.tgz",
      "integrity": "sha512-w96Cjofp72M5IIhpjgobBimYEfoPjx1Vx0BSX9P30WBdZW2WIKU0T1Bd0kz2eNZ9ikjKgHbEyKx8BB6H1L3h3A==",
      "dependencies": {
        "dom-serializer": "^1.0.1",
        "domelementtype": "^2.2.0",
        "domhandler": "^4.2.0"
      },
      "funding": {
        "url": "https://github.com/fb55/domutils?sponsor=1"
      }
    },
    "node_modules/entities": {
      "version": "2.2.0",
      "resolved": "https://registry.npmjs.org/entities/-/entities-2.2.0.tgz",
      "integrity": "sha512-p92if5Nz619I0w+akJrLZH0MX0Pb5DX39XOwQTtXSdQQOaYH03S1uIQp4mhOZtAXrxq4ViO67YTiLBo2638o9A==",
      "funding": {
        "url": "https://github.com/fb55/entities?sponsor=1"
      }
    },
    "node_modules/fs-extra": {
      "version": "8.1.0",
      "resolved": "https://registry.npmjs.org/fs-extra/-/fs-extra-8.1.0.tgz",
      "integrity": "sha512-yhlQgA6mnOJUKOsRUFsgJdQCvkKhcz8tlZG5HBQfReYZy46OwLcY+Zia0mtdHsOo9y/hP+CxMN0TU9QxoOtG4g==",
      "dependencies": {
        "graceful-fs": "^4.2.0",
        "jsonfile": "^4.0.0",
        "universalify": "^0.1.0"
      },
      "engines": {
        "node": ">=6 <7 || >=8"
      }
    },
    "node_modules/fs-extra/node_modules/jsonfile": {
      "version": "4.0.0",
      "resolved": "https://registry.npmjs.org/jsonfile/-/jsonfile-4.0.0.tgz",
      "integrity": "sha512-m6F1R3z8jjlf2imQHS2Qez5sjKWQzbuuhuJ/FKYFRZvPE3PuHcSMVZzfsLhGVOkfd20obL5SWEBew5ShlquNxg==",
      "optionalDependencies": {
        "graceful-fs": "^4.1.6"
      }
    },
    "node_modules/graceful-fs": {
      "version": "4.2.11",
      "resolved": "https://registry.npmjs.org/graceful-fs/-/graceful-fs-4.2.11.tgz",
      "integrity": "sha512-RbJ5/jmFcNNCcDV5o9eTnBLJ/HszWV0P73bc+Ff4nS/rJj+YaS6IGyiOL0VoBYX+l1Wrl3k63h/KrH+nhJ0XvQ=="
    },
    "node_modules/has-flag": {
      "version": "4.0.0",
      "resolved": "https://registry.npmjs.org/has-flag/-/has-flag-4.0.0.tgz",
      "integrity": "sha512-EykJT/Q1KjTWctppgIAgfSO0tKVuZUjhgMr17kqTumMl6Afv3EISleU7qZUzoXDFTAHTDC4NOoG/ZxU3EvlMPQ==",
      "engines": {
        "node": ">=8"
      }
    },
    "node_modules/html-entities": {
      "version": "2.4.0",
      "resolved": "https://registry.npmjs.org/html-entities/-/html-entities-2.4.0.tgz",
      "integrity": "sha512-igBTJcNNNhvZFRtm8uA6xMY6xYleeDwn3PeBCkDz7tHttv4F2hsDI2aPgNERWzvRcNYHNT3ymRaQzllmXj4YsQ==",
      "funding": [
        {
          "type": "github",
          "url": "https://github.com/sponsors/mdevils"
        },
        {
          "type": "patreon",
          "url": "https://patreon.com/mdevils"
        }
      ]
    },
    "node_modules/jsonfile": {
      "version": "5.0.0",
      "resolved": "https://registry.npmjs.org/jsonfile/-/jsonfile-5.0.0.tgz",
      "integrity": "sha512-NQRZ5CRo74MhMMC3/3r5g2k4fjodJ/wh8MxjFbCViWKFjxrnudWSY5vomh+23ZaXzAS7J3fBZIR2dV6WbmfM0w==",
      "dependencies": {
        "universalify": "^0.1.2"
      },
      "optionalDependencies": {
        "graceful-fs": "^4.1.6"
      }
    },
    "node_modules/marked": {
      "version": "12.0.0",
      "resolved": "https://registry.npmjs.org/marked/-/marked-12.0.0.tgz",
      "integrity": "sha512-Vkwtq9rLqXryZnWaQc86+FHLC6tr/fycMfYAhiOIXkrNmeGAyhSxjqu0Rs1i0bBqw5u0S7+lV9fdH2ZSVaoa0w==",
      "bin": {
        "marked": "bin/marked.js"
      },
      "engines": {
        "node": ">= 18"
      }
    },
    "node_modules/mdn-data": {
      "version": "2.0.14",
      "resolved": "https://registry.npmjs.org/mdn-data/-/mdn-data-2.0.14.tgz",
      "integrity": "sha512-dn6wd0uw5GsdswPFfsgMp5NSB0/aDe6fK94YJV/AJDYXL6HVLWBsxeq7js7Ad+mU2K9LAlwpk6kN2D5mwCPVow=="
    },
    "node_modules/nth-check": {
      "version": "2.1.1",
      "resolved": "https://registry.npmjs.org/nth-check/-/nth-check-2.1.1.tgz",
      "integrity": "sha512-lqjrjmaOoAnWfMmBPL+XNnynZh2+swxiX3WUE0s4yEHI6m+AwrK2UZOimIRl3X/4QctVqS8AiZjFqyOGrMXb/w==",
      "dependencies": {
        "boolbase": "^1.0.0"
      },
      "funding": {
        "url": "https://github.com/fb55/nth-check?sponsor=1"
      }
    },
    "node_modules/parse-attributes": {
      "version": "0.0.1",
      "resolved": "https://registry.npmjs.org/parse-attributes/-/parse-attributes-0.0.1.tgz",
      "integrity": "sha512-P+QtP69MipF+ToT1kPWuvdQKWFVpl1voEDlMlthkNbrMfpd8wJ9fmWxLVQTbc3TCMcMysvLwJpguNwCjvsBUmQ=="
    },
    "node_modules/picocolors": {
      "version": "1.0.0",
      "resolved": "https://registry.npmjs.org/picocolors/-/picocolors-1.0.0.tgz",
      "integrity": "sha512-1fygroTLlHu66zi26VoTDv8yRgm0Fccecssto+MhsZ0D/DGW2sm8E8AjW7NU5VVTRt5GxbeZ5qBuJr+HyLYkjQ=="
    },
    "node_modules/regenerator-runtime": {
      "version": "0.14.1",
      "resolved": "https://registry.npmjs.org/regenerator-runtime/-/regenerator-runtime-0.14.1.tgz",
      "integrity": "sha512-dYnhHh0nJoMfnkZs6GmmhFknAGRrLznOu5nc9ML+EJxGvrx6H7teuevqVqCuPcPK//3eDrrjQhehXVx9cnkGdw=="
    },
    "node_modules/source-map": {
      "version": "0.6.1",
      "resolved": "https://registry.npmjs.org/source-map/-/source-map-0.6.1.tgz",
      "integrity": "sha512-UjgapumWlbMhkBgzT7Ykc5YXUT46F0iKu8SGXq0bcwP5dz/h0Plj6enJqjz1Zbq2l5WaqYnrVbwWOWMyF3F47g==",
      "engines": {
        "node": ">=0.10.0"
      }
    },
    "node_modules/stable": {
      "version": "0.1.8",
      "resolved": "https://registry.npmjs.org/stable/-/stable-0.1.8.tgz",
      "integrity": "sha512-ji9qxRnOVfcuLDySj9qzhGSEFVobyt1kIOSkj1qZzYLzq7Tos/oUUWvotUPQLlrsidqsK6tBH89Bc9kL5zHA6w==",
      "deprecated": "Modern JS already guarantees Array#sort() is a stable sort, so this library is deprecated. See the compatibility table on MDN: https://developer.mozilla.org/en-US/docs/Web/JavaScript/Reference/Global_Objects/Array/sort#browser_compatibility"
    },
    "node_modules/supports-color": {
      "version": "7.2.0",
      "resolved": "https://registry.npmjs.org/supports-color/-/supports-color-7.2.0.tgz",
      "integrity": "sha512-qpCAvRl9stuOHveKsn7HncJRvv501qIacKzQlO/+Lwxc9+0q2wLyv4Dfvt80/DPn2pqOBsJdDiogXGR9+OvwRw==",
      "dependencies": {
        "has-flag": "^4.0.0"
      },
      "engines": {
        "node": ">=8"
      }
    },
    "node_modules/svgo": {
      "version": "2.8.0",
      "resolved": "https://registry.npmjs.org/svgo/-/svgo-2.8.0.tgz",
      "integrity": "sha512-+N/Q9kV1+F+UeWYoSiULYo4xYSDQlTgb+ayMobAXPwMnLvop7oxKMo9OzIrX5x3eS4L4f2UHhc9axXwY8DpChg==",
      "dependencies": {
        "@trysound/sax": "0.2.0",
        "commander": "^7.2.0",
        "css-select": "^4.1.3",
        "css-tree": "^1.1.3",
        "csso": "^4.2.0",
        "picocolors": "^1.0.0",
        "stable": "^0.1.8"
      },
      "bin": {
        "svgo": "bin/svgo"
      },
      "engines": {
        "node": ">=10.13.0"
      }
    },
    "node_modules/twemoji": {
      "version": "13.1.1",
      "resolved": "https://registry.npmjs.org/twemoji/-/twemoji-13.1.1.tgz",
      "integrity": "sha512-IIIoq+n1lk1M1+evBKZD3DO0ud02fDQ4ssbgAv8rp3YBWUeNmskjlisFUPPDacQ50XS3bhrd4Kq9Q2gqhxb0dg==",
      "dependencies": {
        "fs-extra": "^8.0.1",
        "jsonfile": "^5.0.0",
        "twemoji-parser": "13.1.0",
        "universalify": "^0.1.2"
      }
    },
    "node_modules/twemoji-parser": {
      "version": "13.1.0",
      "resolved": "https://registry.npmjs.org/twemoji-parser/-/twemoji-parser-13.1.0.tgz",
      "integrity": "sha512-AQOzLJpYlpWMy8n+0ATyKKZzWlZBJN+G0C+5lhX7Ftc2PeEVdUU/7ns2Pn2vVje26AIZ/OHwFoUbdv6YYD/wGg=="
    },
    "node_modules/uglify-js": {
      "version": "3.17.4",
      "resolved": "https://registry.npmjs.org/uglify-js/-/uglify-js-3.17.4.tgz",
      "integrity": "sha512-T9q82TJI9e/C1TAxYvfb16xO120tMVFZrGA3f9/P4424DNu6ypK103y0GPFVa17yotwSyZW5iYXgjYHkGrJW/g==",
      "bin": {
        "uglifyjs": "bin/uglifyjs"
      },
      "engines": {
        "node": ">=0.8.0"
      }
    },
    "node_modules/uglifycss": {
      "version": "0.0.29",
      "resolved": "https://registry.npmjs.org/uglifycss/-/uglifycss-0.0.29.tgz",
      "integrity": "sha512-J2SQ2QLjiknNGbNdScaNZsXgmMGI0kYNrXaDlr4obnPW9ni1jljb1NeEVWAiTgZ8z+EBWP2ozfT9vpy03rjlMQ==",
      "bin": {
        "uglifycss": "uglifycss"
      },
      "engines": {
        "node": ">=6.4.0"
      }
    },
    "node_modules/universalify": {
      "version": "0.1.2",
      "resolved": "https://registry.npmjs.org/universalify/-/universalify-0.1.2.tgz",
      "integrity": "sha512-rBJeI5CXAlmy1pV+617WB9J63U6XcazHHF2f2dbJix4XzpUF0RS3Zbj0FGIOCAva5P/d/GBOYaACQ1w+0azUkg==",
      "engines": {
        "node": ">= 4.0.0"
      }
    },
    "node_modules/word-wrap": {
      "version": "1.2.5",
      "resolved": "https://registry.npmjs.org/word-wrap/-/word-wrap-1.2.5.tgz",
      "integrity": "sha512-BN22B5eaMMI9UMtjrGd5g5eCYPpCPDUy0FJXbYsaT5zYxjFOckS53SQDE3pWkVoWpHXVb3BrYcEN4Twa55B5cA==",
      "engines": {
        "node": ">=0.10.0"
      }
    }
  }
}
